
Microsoft Visual Studio Solution File, Format Version 12.00
# Visual Studio 15
VisualStudioVersion = 15.0.26403.3
MinimumVisualStudioVersion = 10.0.40219.1
Project("{FAE04EC0-301F-11D3-BF4B-00C04F79EFBC}") = "UdemyAsyncSocketServer", "UdemyAsyncSocketServer\UdemyAsyncSocketServer.csproj", "{7AA3EDE7-BEAC-4DA6-ABE9-8FF8E4D5C28C}"
EndProject
Project("{FAE04EC0-301F-11D3-BF4B-00C04F79EFBC}") = "LahoreSocketAsync", "LahoreSocketAsync\LahoreSocketAsync.csproj", "{D2ADBA01-689E-4DD5-9C1B-E92FB76EA226}"
EndProject
Global
	GlobalSection(SolutionConfigurationPlatforms) = preSolution
		Debug|Any CPU = Debug|Any CPU
		Release|Any CPU = Release|Any CPU
	EndGlobalSection
	GlobalSection(ProjectConfigurationPlatforms) = postSolution
		{7AA3EDE7-BEAC-4DA6-ABE9-8FF8E4D5C28C}.Debug|Any CPU.ActiveCfg = Debug|Any CPU
		{7AA3EDE7-BEAC-4DA6-ABE9-8FF8E4D5C28C}.Debug|Any CPU.Build.0 = Debug|Any CPU
		{7AA3EDE7-BEAC-4DA6-ABE9-8FF8E4D5C28C}.Release|Any CPU.ActiveCfg = Release|Any CPU
		{7AA3EDE7-BEAC-4DA6-ABE9-8FF8E4D5C28C}.Release|Any CPU.Build.0 = Release|Any CPU
		{D2ADBA01-689E-4DD5-9C1B-E92FB76EA226}.Debug|Any CPU.ActiveCfg = Debug|Any CPU
		{D2ADBA01-689E-4DD5-9C1B-E92FB76EA226}.Debug|Any CPU.Build.0 = Debug|Any CPU
		{D2ADBA01-689E-4DD5-9C1B-E92FB76EA226}.Release|Any CPU.ActiveCfg = Release|Any CPU
		{D2ADBA01-689E-4DD5-9C1B-E92FB76EA226}.Release|Any CPU.Build.0 = Release|Any CPU
	EndGlobalSection
	GlobalSection(SolutionProperties) = preSolution
		HideSolutionNode = FALSE
	EndGlobalSection
EndGlobal
