
Microsoft Visual Studio Solution File, Format Version 12.00
# Visual Studio 15
VisualStudioVersion = 15.0.26403.3
MinimumVisualStudioVersion = 10.0.40219.1
Project("{FAE04EC0-301F-11D3-BF4B-00C04F79EFBC}") = "SocketClientStarter", "SocketClientStarter\SocketClientStarter.csproj", "{3602435B-5DCD-48C7-A021-D997C3280D58}"
EndProject
Global
	GlobalSection(SolutionConfigurationPlatforms) = preSolution
		Debug|Any CPU = Debug|Any CPU
		Release|Any CPU = Release|Any CPU
	EndGlobalSection
	GlobalSection(ProjectConfigurationPlatforms) = postSolution
		{3602435B-5DCD-48C7-A021-D997C3280D58}.Debug|Any CPU.ActiveCfg = Debug|Any CPU
		{3602435B-5DCD-48C7-A021-D997C3280D58}.Debug|Any CPU.Build.0 = Debug|Any CPU
		{3602435B-5DCD-48C7-A021-D997C3280D58}.Release|Any CPU.ActiveCfg = Release|Any CPU
		{3602435B-5DCD-48C7-A021-D997C3280D58}.Release|Any CPU.Build.0 = Release|Any CPU
	EndGlobalSection
	GlobalSection(SolutionProperties) = preSolution
		HideSolutionNode = FALSE
	EndGlobalSection
EndGlobal
